
Microsoft Visual Studio Solution File, Format Version 12.00
# Visual Studio Version 17
VisualStudioVersion = 17.3.32901.215
MinimumVisualStudioVersion = 10.0.40219.1
Project("{8BC9CEB8-8B4A-11D0-8D11-00A0C91BC942}") = "JU.class_String", "JU.class_String\JU.class_String.vcxproj", "{7835B736-2E09-4298-B04B-6F8032F4858C}"
EndProject
Global
	GlobalSection(SolutionConfigurationPlatforms) = preSolution
		Debug|x64 = Debug|x64
		Debug|x86 = Debug|x86
		Release|x64 = Release|x64
		Release|x86 = Release|x86
	EndGlobalSection
	GlobalSection(ProjectConfigurationPlatforms) = postSolution
		{7835B736-2E09-4298-B04B-6F8032F4858C}.Debug|x64.ActiveCfg = Debug|x64
		{7835B736-2E09-4298-B04B-6F8032F4858C}.Debug|x64.Build.0 = Debug|x64
		{7835B736-2E09-4298-B04B-6F8032F4858C}.Debug|x86.ActiveCfg = Debug|Win32
		{7835B736-2E09-4298-B04B-6F8032F4858C}.Debug|x86.Build.0 = Debug|Win32
		{7835B736-2E09-4298-B04B-6F8032F4858C}.Release|x64.ActiveCfg = Release|x64
		{7835B736-2E09-4298-B04B-6F8032F4858C}.Release|x64.Build.0 = Release|x64
		{7835B736-2E09-4298-B04B-6F8032F4858C}.Release|x86.ActiveCfg = Release|Win32
		{7835B736-2E09-4298-B04B-6F8032F4858C}.Release|x86.Build.0 = Release|Win32
	EndGlobalSection
	GlobalSection(SolutionProperties) = preSolution
		HideSolutionNode = FALSE
	EndGlobalSection
	GlobalSection(ExtensibilityGlobals) = postSolution
		SolutionGuid = {95B740EC-65B9-40A2-B768-1DB059EE2B40}
	EndGlobalSection
EndGlobal
